
Microsoft Visual Studio Solution File, Format Version 12.00
# Visual Studio 15
VisualStudioVersion = 15.0.28307.852
MinimumVisualStudioVersion = 10.0.40219.1
Project("{FAE04EC0-301F-11D3-BF4B-00C04F79EFBC}") = "KnockoutProjectUniRegistration", "KnockoutProjectUniRegistration\KnockoutProjectUniRegistration.csproj", "{F8C52580-8826-4E28-905B-11197FAC9D58}"
EndProject
Project("{FAE04EC0-301F-11D3-BF4B-00C04F79EFBC}") = "DataStuff", "DataStuff\DataStuff.csproj", "{A4B83095-F2D3-4103-9523-B93B9098B072}"
EndProject
Global
	GlobalSection(SolutionConfigurationPlatforms) = preSolution
		Debug|Any CPU = Debug|Any CPU
		Release|Any CPU = Release|Any CPU
	EndGlobalSection
	GlobalSection(ProjectConfigurationPlatforms) = postSolution
		{F8C52580-8826-4E28-905B-11197FAC9D58}.Debug|Any CPU.ActiveCfg = Debug|Any CPU
		{F8C52580-8826-4E28-905B-11197FAC9D58}.Debug|Any CPU.Build.0 = Debug|Any CPU
		{F8C52580-8826-4E28-905B-11197FAC9D58}.Release|Any CPU.ActiveCfg = Release|Any CPU
		{F8C52580-8826-4E28-905B-11197FAC9D58}.Release|Any CPU.Build.0 = Release|Any CPU
		{A4B83095-F2D3-4103-9523-B93B9098B072}.Debug|Any CPU.ActiveCfg = Debug|Any CPU
		{A4B83095-F2D3-4103-9523-B93B9098B072}.Debug|Any CPU.Build.0 = Debug|Any CPU
		{A4B83095-F2D3-4103-9523-B93B9098B072}.Release|Any CPU.ActiveCfg = Release|Any CPU
		{A4B83095-F2D3-4103-9523-B93B9098B072}.Release|Any CPU.Build.0 = Release|Any CPU
	EndGlobalSection
	GlobalSection(SolutionProperties) = preSolution
		HideSolutionNode = FALSE
	EndGlobalSection
	GlobalSection(ExtensibilityGlobals) = postSolution
		SolutionGuid = {EE239476-5215-4BB5-88F4-40132FCA5A26}
	EndGlobalSection
EndGlobal
